// !$*UTF8*$!
{
	archiveVersion = 1;
	classes = {
	};
	objectVersion = 56;
	objects = {

/* Begin PBXBuildFile section */
		B715F01E2BAAB777009F65EC /* Assets.xcassets in Resources */ = {isa = PBXBuildFile; fileRef = B715F01D2BAAB777009F65EC /* Assets.xcassets */; };
		B715F0212BAAB777009F65EC /* Preview Assets.xcassets in Resources */ = {isa = PBXBuildFile; fileRef = B715F0202BAAB777009F65EC /* Preview Assets.xcassets */; };
		B715F0472BAAB7BA009F65EC /* AppState.swift in Sources */ = {isa = PBXBuildFile; fileRef = B715F0272BAAB7B9009F65EC /* AppState.swift */; };
		B715F04A2BAAB7BA009F65EC /* AppDelegate.swift in Sources */ = {isa = PBXBuildFile; fileRef = B715F02B2BAAB7B9009F65EC /* AppDelegate.swift */; };
		B715F04B2BAAB7BA009F65EC /* Weather.swift in Sources */ = {isa = PBXBuildFile; fileRef = B715F02C2BAAB7BA009F65EC /* Weather.swift */; };
		B715F04C2BAAB7BA009F65EC /* OpenWeather.swift in Sources */ = {isa = PBXBuildFile; fileRef = B715F02E2BAAB7BA009F65EC /* OpenWeather.swift */; };
		B715F04F2BAAB7BA009F65EC /* WeatherReducer.swift in Sources */ = {isa = PBXBuildFile; fileRef = B715F0342BAAB7BA009F65EC /* WeatherReducer.swift */; };
		B715F0502BAAB7BA009F65EC /* Cloud.swift in Sources */ = {isa = PBXBuildFile; fileRef = B715F0352BAAB7BA009F65EC /* Cloud.swift */; };
		B715F0512BAAB7BA009F65EC /* ForecastTable.swift in Sources */ = {isa = PBXBuildFile; fileRef = B715F0372BAAB7BA009F65EC /* ForecastTable.swift */; };
		B715F0522BAAB7BA009F65EC /* MainView.swift in Sources */ = {isa = PBXBuildFile; fileRef = B715F0382BAAB7BA009F65EC /* MainView.swift */; };
		B715F0532BAAB7BA009F65EC /* Environment.swift in Sources */ = {isa = PBXBuildFile; fileRef = B715F03A2BAAB7BA009F65EC /* Environment.swift */; };
		B715F0542BAAB7BA009F65EC /* CancelBag.swift in Sources */ = {isa = PBXBuildFile; fileRef = B715F03B2BAAB7BA009F65EC /* CancelBag.swift */; };
		B715F0552BAAB7BA009F65EC /* Log.swift in Sources */ = {isa = PBXBuildFile; fileRef = B715F03C2BAAB7BA009F65EC /* Log.swift */; };
		B715F0572BAAB7BA009F65EC /* Mapper.swift in Sources */ = {isa = PBXBuildFile; fileRef = B715F0402BAAB7BA009F65EC /* Mapper.swift */; };
		B715F0582BAAB7BA009F65EC /* APIClient.swift in Sources */ = {isa = PBXBuildFile; fileRef = B715F0422BAAB7BA009F65EC /* APIClient.swift */; };
		B715F0592BAAB7BA009F65EC /* APIConstants.swift in Sources */ = {isa = PBXBuildFile; fileRef = B715F0432BAAB7BA009F65EC /* APIConstants.swift */; };
		B715F05A2BAAB7BA009F65EC /* APIParameters.swift in Sources */ = {isa = PBXBuildFile; fileRef = B715F0442BAAB7BA009F65EC /* APIParameters.swift */; };
		B715F05B2BAAB7BA009F65EC /* APIRouter.swift in Sources */ = {isa = PBXBuildFile; fileRef = B715F0452BAAB7BA009F65EC /* APIRouter.swift */; };
		B715F05D2BAABEDE009F65EC /* LocationManager.swift in Sources */ = {isa = PBXBuildFile; fileRef = B715F05C2BAABEDE009F65EC /* LocationManager.swift */; };
		B7CCF68D2BAB4BD900F57719 /* GetWeatherData200ResponseWeatherInner.swift in Sources */ = {isa = PBXBuildFile; fileRef = B7CCF67E2BAB4BD900F57719 /* GetWeatherData200ResponseWeatherInner.swift */; };
		B7CCF68E2BAB4BD900F57719 /* GetWeatherData200ResponseMain.swift in Sources */ = {isa = PBXBuildFile; fileRef = B7CCF67F2BAB4BD900F57719 /* GetWeatherData200ResponseMain.swift */; };
		B7CCF68F2BAB4BD900F57719 /* GetWeatherData200ResponseClouds.swift in Sources */ = {isa = PBXBuildFile; fileRef = B7CCF6802BAB4BD900F57719 /* GetWeatherData200ResponseClouds.swift */; };
		B7CCF6902BAB4BD900F57719 /* GetWeatherForecast200ResponseCity.swift in Sources */ = {isa = PBXBuildFile; fileRef = B7CCF6812BAB4BD900F57719 /* GetWeatherForecast200ResponseCity.swift */; };
		B7CCF6912BAB4BD900F57719 /* GetWeatherData200Response.swift in Sources */ = {isa = PBXBuildFile; fileRef = B7CCF6822BAB4BD900F57719 /* GetWeatherData200Response.swift */; };
		B7CCF6922BAB4BD900F57719 /* GetWeatherForecast200Response.swift in Sources */ = {isa = PBXBuildFile; fileRef = B7CCF6832BAB4BD900F57719 /* GetWeatherForecast200Response.swift */; };
		B7CCF6932BAB4BD900F57719 /* GetWeatherData200ResponseSys.swift in Sources */ = {isa = PBXBuildFile; fileRef = B7CCF6842BAB4BD900F57719 /* GetWeatherData200ResponseSys.swift */; };
		B7CCF6942BAB4BD900F57719 /* GetWeatherForecast200ResponseCityCoord.swift in Sources */ = {isa = PBXBuildFile; fileRef = B7CCF6852BAB4BD900F57719 /* GetWeatherForecast200ResponseCityCoord.swift */; };
		B7CCF6952BAB4BD900F57719 /* GetWeatherForecast200ResponseListInnerMain.swift in Sources */ = {isa = PBXBuildFile; fileRef = B7CCF6862BAB4BD900F57719 /* GetWeatherForecast200ResponseListInnerMain.swift */; };
		B7CCF6962BAB4BD900F57719 /* GetWeatherData200ResponseWind.swift in Sources */ = {isa = PBXBuildFile; fileRef = B7CCF6872BAB4BD900F57719 /* GetWeatherData200ResponseWind.swift */; };
		B7CCF6972BAB4BD900F57719 /* GetWeatherData200ResponseCoord.swift in Sources */ = {isa = PBXBuildFile; fileRef = B7CCF6882BAB4BD900F57719 /* GetWeatherData200ResponseCoord.swift */; };
		B7CCF6982BAB4BD900F57719 /* GetWeatherForecast200ResponseListInnerWind.swift in Sources */ = {isa = PBXBuildFile; fileRef = B7CCF6892BAB4BD900F57719 /* GetWeatherForecast200ResponseListInnerWind.swift */; };
		B7CCF6992BAB4BD900F57719 /* GetWeatherForecast200ResponseListInner.swift in Sources */ = {isa = PBXBuildFile; fileRef = B7CCF68A2BAB4BD900F57719 /* GetWeatherForecast200ResponseListInner.swift */; };
		B7CCF69A2BAB4BD900F57719 /* GetWeatherForecast200ResponseListInnerRain.swift in Sources */ = {isa = PBXBuildFile; fileRef = B7CCF68B2BAB4BD900F57719 /* GetWeatherForecast200ResponseListInnerRain.swift */; };
		B7CCF69B2BAB4BD900F57719 /* GetWeatherForecast200ResponseListInnerSys.swift in Sources */ = {isa = PBXBuildFile; fileRef = B7CCF68C2BAB4BD900F57719 /* GetWeatherForecast200ResponseListInnerSys.swift */; };
		B7CCF69D2BAC1DE400F57719 /* Forecast.swift in Sources */ = {isa = PBXBuildFile; fileRef = B7CCF69C2BAC1DE400F57719 /* Forecast.swift */; };
		B7CCF69F2BAC34E200F57719 /* ForcastWeatherCell.swift in Sources */ = {isa = PBXBuildFile; fileRef = B7CCF69E2BAC34E200F57719 /* ForcastWeatherCell.swift */; };
		B7CCF6A72BAC466800F57719 /* WeatherVKTests.swift in Sources */ = {isa = PBXBuildFile; fileRef = B7CCF6A62BAC466800F57719 /* WeatherVKTests.swift */; };
		B7CCF6AE2BAC46EF00F57719 /* DayWeek.swift in Sources */ = {isa = PBXBuildFile; fileRef = B7CCF6AD2BAC46EF00F57719 /* DayWeek.swift */; };
		B7F764312BAC4DAF0040D5DC /* ForecastFormatter.swift in Sources */ = {isa = PBXBuildFile; fileRef = B7F764302BAC4DAF0040D5DC /* ForecastFormatter.swift */; };
		B7F764332BAC574C0040D5DC /* DirtyForecast.swift in Sources */ = {isa = PBXBuildFile; fileRef = B7F764322BAC574C0040D5DC /* DirtyForecast.swift */; };
		B7F764372BADE4100040D5DC /* Color.swift in Sources */ = {isa = PBXBuildFile; fileRef = B7F764362BADE4100040D5DC /* Color.swift */; };
		B7F764392BAEEF220040D5DC /* City.swift in Sources */ = {isa = PBXBuildFile; fileRef = B7F764382BAEEF220040D5DC /* City.swift */; };
		B7F7643B2BAF2DB20040D5DC /* CitySearch.swift in Sources */ = {isa = PBXBuildFile; fileRef = B7F7643A2BAF2DB20040D5DC /* CitySearch.swift */; };
		B7F7643D2BAF3F500040D5DC /* RoundedTopRectangle.swift in Sources */ = {isa = PBXBuildFile; fileRef = B7F7643C2BAF3F500040D5DC /* RoundedTopRectangle.swift */; };
		B7F764412BAF472E0040D5DC /* KeyboardHeight.swift in Sources */ = {isa = PBXBuildFile; fileRef = B7F764402BAF472D0040D5DC /* KeyboardHeight.swift */; };
		B7F764442BAF48F30040D5DC /* LocalRepository.swift in Sources */ = {isa = PBXBuildFile; fileRef = B7F764432BAF48F30040D5DC /* LocalRepository.swift */; };
/* End PBXBuildFile section */

/* Begin PBXContainerItemProxy section */
		B7CCF6A82BAC466800F57719 /* PBXContainerItemProxy */ = {
			isa = PBXContainerItemProxy;
			containerPortal = B715F00E2BAAB776009F65EC /* Project object */;
			proxyType = 1;
			remoteGlobalIDString = B715F0152BAAB776009F65EC;
			remoteInfo = WeatherVK;
		};
/* End PBXContainerItemProxy section */

/* Begin PBXFileReference section */
		B715F0162BAAB776009F65EC /* WeatherVK.app */ = {isa = PBXFileReference; explicitFileType = wrapper.application; includeInIndex = 0; path = WeatherVK.app; sourceTree = BUILT_PRODUCTS_DIR; };
		B715F01D2BAAB777009F65EC /* Assets.xcassets */ = {isa = PBXFileReference; lastKnownFileType = folder.assetcatalog; path = Assets.xcassets; sourceTree = "<group>"; };
		B715F0202BAAB777009F65EC /* Preview Assets.xcassets */ = {isa = PBXFileReference; lastKnownFileType = folder.assetcatalog; path = "Preview Assets.xcassets"; sourceTree = "<group>"; };
		B715F0272BAAB7B9009F65EC /* AppState.swift */ = {isa = PBXFileReference; fileEncoding = 4; lastKnownFileType = sourcecode.swift; path = AppState.swift; sourceTree = "<group>"; };
		B715F02B2BAAB7B9009F65EC /* AppDelegate.swift */ = {isa = PBXFileReference; fileEncoding = 4; lastKnownFileType = sourcecode.swift; path = AppDelegate.swift; sourceTree = "<group>"; };
		B715F02C2BAAB7BA009F65EC /* Weather.swift */ = {isa = PBXFileReference; fileEncoding = 4; lastKnownFileType = sourcecode.swift; path = Weather.swift; sourceTree = "<group>"; };
		B715F02E2BAAB7BA009F65EC /* OpenWeather.swift */ = {isa = PBXFileReference; fileEncoding = 4; lastKnownFileType = sourcecode.swift; path = OpenWeather.swift; sourceTree = "<group>"; };
		B715F0342BAAB7BA009F65EC /* WeatherReducer.swift */ = {isa = PBXFileReference; fileEncoding = 4; lastKnownFileType = sourcecode.swift; path = WeatherReducer.swift; sourceTree = "<group>"; };
		B715F0352BAAB7BA009F65EC /* Cloud.swift */ = {isa = PBXFileReference; fileEncoding = 4; lastKnownFileType = sourcecode.swift; path = Cloud.swift; sourceTree = "<group>"; };
		B715F0372BAAB7BA009F65EC /* ForecastTable.swift */ = {isa = PBXFileReference; fileEncoding = 4; lastKnownFileType = sourcecode.swift; path = ForecastTable.swift; sourceTree = "<group>"; };
		B715F0382BAAB7BA009F65EC /* MainView.swift */ = {isa = PBXFileReference; fileEncoding = 4; lastKnownFileType = sourcecode.swift; path = MainView.swift; sourceTree = "<group>"; };
		B715F03A2BAAB7BA009F65EC /* Environment.swift */ = {isa = PBXFileReference; fileEncoding = 4; lastKnownFileType = sourcecode.swift; path = Environment.swift; sourceTree = "<group>"; };
		B715F03B2BAAB7BA009F65EC /* CancelBag.swift */ = {isa = PBXFileReference; fileEncoding = 4; lastKnownFileType = sourcecode.swift; path = CancelBag.swift; sourceTree = "<group>"; };
		B715F03C2BAAB7BA009F65EC /* Log.swift */ = {isa = PBXFileReference; fileEncoding = 4; lastKnownFileType = sourcecode.swift; path = Log.swift; sourceTree = "<group>"; };
		B715F0402BAAB7BA009F65EC /* Mapper.swift */ = {isa = PBXFileReference; fileEncoding = 4; lastKnownFileType = sourcecode.swift; path = Mapper.swift; sourceTree = "<group>"; };
		B715F0422BAAB7BA009F65EC /* APIClient.swift */ = {isa = PBXFileReference; fileEncoding = 4; lastKnownFileType = sourcecode.swift; path = APIClient.swift; sourceTree = "<group>"; };
		B715F0432BAAB7BA009F65EC /* APIConstants.swift */ = {isa = PBXFileReference; fileEncoding = 4; lastKnownFileType = sourcecode.swift; path = APIConstants.swift; sourceTree = "<group>"; };
		B715F0442BAAB7BA009F65EC /* APIParameters.swift */ = {isa = PBXFileReference; fileEncoding = 4; lastKnownFileType = sourcecode.swift; path = APIParameters.swift; sourceTree = "<group>"; };
		B715F0452BAAB7BA009F65EC /* APIRouter.swift */ = {isa = PBXFileReference; fileEncoding = 4; lastKnownFileType = sourcecode.swift; path = APIRouter.swift; sourceTree = "<group>"; };
		B715F05C2BAABEDE009F65EC /* LocationManager.swift */ = {isa = PBXFileReference; lastKnownFileType = sourcecode.swift; path = LocationManager.swift; sourceTree = "<group>"; };
		B715F05F2BAAC5A9009F65EC /* Info.plist */ = {isa = PBXFileReference; lastKnownFileType = text.plist.xml; path = Info.plist; sourceTree = "<group>"; };
		B7CCF67E2BAB4BD900F57719 /* GetWeatherData200ResponseWeatherInner.swift */ = {isa = PBXFileReference; fileEncoding = 4; lastKnownFileType = sourcecode.swift; path = GetWeatherData200ResponseWeatherInner.swift; sourceTree = "<group>"; };
		B7CCF67F2BAB4BD900F57719 /* GetWeatherData200ResponseMain.swift */ = {isa = PBXFileReference; fileEncoding = 4; lastKnownFileType = sourcecode.swift; path = GetWeatherData200ResponseMain.swift; sourceTree = "<group>"; };
		B7CCF6802BAB4BD900F57719 /* GetWeatherData200ResponseClouds.swift */ = {isa = PBXFileReference; fileEncoding = 4; lastKnownFileType = sourcecode.swift; path = GetWeatherData200ResponseClouds.swift; sourceTree = "<group>"; };
		B7CCF6812BAB4BD900F57719 /* GetWeatherForecast200ResponseCity.swift */ = {isa = PBXFileReference; fileEncoding = 4; lastKnownFileType = sourcecode.swift; path = GetWeatherForecast200ResponseCity.swift; sourceTree = "<group>"; };
		B7CCF6822BAB4BD900F57719 /* GetWeatherData200Response.swift */ = {isa = PBXFileReference; fileEncoding = 4; lastKnownFileType = sourcecode.swift; path = GetWeatherData200Response.swift; sourceTree = "<group>"; };
		B7CCF6832BAB4BD900F57719 /* GetWeatherForecast200Response.swift */ = {isa = PBXFileReference; fileEncoding = 4; lastKnownFileType = sourcecode.swift; path = GetWeatherForecast200Response.swift; sourceTree = "<group>"; };
		B7CCF6842BAB4BD900F57719 /* GetWeatherData200ResponseSys.swift */ = {isa = PBXFileReference; fileEncoding = 4; lastKnownFileType = sourcecode.swift; path = GetWeatherData200ResponseSys.swift; sourceTree = "<group>"; };
		B7CCF6852BAB4BD900F57719 /* GetWeatherForecast200ResponseCityCoord.swift */ = {isa = PBXFileReference; fileEncoding = 4; lastKnownFileType = sourcecode.swift; path = GetWeatherForecast200ResponseCityCoord.swift; sourceTree = "<group>"; };
		B7CCF6862BAB4BD900F57719 /* GetWeatherForecast200ResponseListInnerMain.swift */ = {isa = PBXFileReference; fileEncoding = 4; lastKnownFileType = sourcecode.swift; path = GetWeatherForecast200ResponseListInnerMain.swift; sourceTree = "<group>"; };
		B7CCF6872BAB4BD900F57719 /* GetWeatherData200ResponseWind.swift */ = {isa = PBXFileReference; fileEncoding = 4; lastKnownFileType = sourcecode.swift; path = GetWeatherData200ResponseWind.swift; sourceTree = "<group>"; };
		B7CCF6882BAB4BD900F57719 /* GetWeatherData200ResponseCoord.swift */ = {isa = PBXFileReference; fileEncoding = 4; lastKnownFileType = sourcecode.swift; path = GetWeatherData200ResponseCoord.swift; sourceTree = "<group>"; };
		B7CCF6892BAB4BD900F57719 /* GetWeatherForecast200ResponseListInnerWind.swift */ = {isa = PBXFileReference; fileEncoding = 4; lastKnownFileType = sourcecode.swift; path = GetWeatherForecast200ResponseListInnerWind.swift; sourceTree = "<group>"; };
		B7CCF68A2BAB4BD900F57719 /* GetWeatherForecast200ResponseListInner.swift */ = {isa = PBXFileReference; fileEncoding = 4; lastKnownFileType = sourcecode.swift; path = GetWeatherForecast200ResponseListInner.swift; sourceTree = "<group>"; };
		B7CCF68B2BAB4BD900F57719 /* GetWeatherForecast200ResponseListInnerRain.swift */ = {isa = PBXFileReference; fileEncoding = 4; lastKnownFileType = sourcecode.swift; path = GetWeatherForecast200ResponseListInnerRain.swift; sourceTree = "<group>"; };
		B7CCF68C2BAB4BD900F57719 /* GetWeatherForecast200ResponseListInnerSys.swift */ = {isa = PBXFileReference; fileEncoding = 4; lastKnownFileType = sourcecode.swift; path = GetWeatherForecast200ResponseListInnerSys.swift; sourceTree = "<group>"; };
		B7CCF69C2BAC1DE400F57719 /* Forecast.swift */ = {isa = PBXFileReference; lastKnownFileType = sourcecode.swift; path = Forecast.swift; sourceTree = "<group>"; };
		B7CCF69E2BAC34E200F57719 /* ForcastWeatherCell.swift */ = {isa = PBXFileReference; lastKnownFileType = sourcecode.swift; path = ForcastWeatherCell.swift; sourceTree = "<group>"; };
		B7CCF6A42BAC466800F57719 /* WeatherVKTests.xctest */ = {isa = PBXFileReference; explicitFileType = wrapper.cfbundle; includeInIndex = 0; path = WeatherVKTests.xctest; sourceTree = BUILT_PRODUCTS_DIR; };
		B7CCF6A62BAC466800F57719 /* WeatherVKTests.swift */ = {isa = PBXFileReference; lastKnownFileType = sourcecode.swift; path = WeatherVKTests.swift; sourceTree = "<group>"; };
		B7CCF6AD2BAC46EF00F57719 /* DayWeek.swift */ = {isa = PBXFileReference; lastKnownFileType = sourcecode.swift; path = DayWeek.swift; sourceTree = "<group>"; };
		B7F764302BAC4DAF0040D5DC /* ForecastFormatter.swift */ = {isa = PBXFileReference; lastKnownFileType = sourcecode.swift; path = ForecastFormatter.swift; sourceTree = "<group>"; };
		B7F764322BAC574C0040D5DC /* DirtyForecast.swift */ = {isa = PBXFileReference; lastKnownFileType = sourcecode.swift; path = DirtyForecast.swift; sourceTree = "<group>"; };
		B7F764362BADE4100040D5DC /* Color.swift */ = {isa = PBXFileReference; fileEncoding = 4; lastKnownFileType = sourcecode.swift; path = Color.swift; sourceTree = "<group>"; };
		B7F764382BAEEF220040D5DC /* City.swift */ = {isa = PBXFileReference; lastKnownFileType = sourcecode.swift; path = City.swift; sourceTree = "<group>"; };
		B7F7643A2BAF2DB20040D5DC /* CitySearch.swift */ = {isa = PBXFileReference; lastKnownFileType = sourcecode.swift; path = CitySearch.swift; sourceTree = "<group>"; };
		B7F7643C2BAF3F500040D5DC /* RoundedTopRectangle.swift */ = {isa = PBXFileReference; lastKnownFileType = sourcecode.swift; path = RoundedTopRectangle.swift; sourceTree = "<group>"; };
		B7F764402BAF472D0040D5DC /* KeyboardHeight.swift */ = {isa = PBXFileReference; fileEncoding = 4; lastKnownFileType = sourcecode.swift; path = KeyboardHeight.swift; sourceTree = "<group>"; };
		B7F764432BAF48F30040D5DC /* LocalRepository.swift */ = {isa = PBXFileReference; lastKnownFileType = sourcecode.swift; path = LocalRepository.swift; sourceTree = "<group>"; };
/* End PBXFileReference section */

/* Begin PBXFrameworksBuildPhase section */
		B715F0132BAAB776009F65EC /* Frameworks */ = {
			isa = PBXFrameworksBuildPhase;
			buildActionMask = 2147483647;
			files = (
			);
			runOnlyForDeploymentPostprocessing = 0;
		};
		B7CCF6A12BAC466800F57719 /* Frameworks */ = {
			isa = PBXFrameworksBuildPhase;
			buildActionMask = 2147483647;
			files = (
			);
			runOnlyForDeploymentPostprocessing = 0;
		};
/* End PBXFrameworksBuildPhase section */

/* Begin PBXGroup section */
		B715F00D2BAAB776009F65EC = {
			isa = PBXGroup;
			children = (
				B715F0182BAAB776009F65EC /* WeatherVK */,
				B7CCF6A52BAC466800F57719 /* WeatherVKTests */,
				B715F0172BAAB776009F65EC /* Products */,
			);
			sourceTree = "<group>";
		};
		B715F0172BAAB776009F65EC /* Products */ = {
			isa = PBXGroup;
			children = (
				B715F0162BAAB776009F65EC /* WeatherVK.app */,
				B7CCF6A42BAC466800F57719 /* WeatherVKTests.xctest */,
			);
			name = Products;
			sourceTree = "<group>";
		};
		B715F0182BAAB776009F65EC /* WeatherVK */ = {
			isa = PBXGroup;
			children = (
				B715F02B2BAAB7B9009F65EC /* AppDelegate.swift */,
				B715F0272BAAB7B9009F65EC /* AppState.swift */,
				B715F03A2BAAB7BA009F65EC /* Environment.swift */,
				B715F02D2BAAB7BA009F65EC /* Model */,
				B715F0462BAAB7BA009F65EC /* Network */,
				B715F0302BAAB7BA009F65EC /* Repository */,
				B715F02A2BAAB7B9009F65EC /* Resources */,
				B715F03D2BAAB7BA009F65EC /* Utility */,
				B715F0392BAAB7BA009F65EC /* View */,
				B715F0342BAAB7BA009F65EC /* WeatherReducer.swift */,
				B715F05C2BAABEDE009F65EC /* LocationManager.swift */,
			);
			path = WeatherVK;
			sourceTree = "<group>";
		};
		B715F01F2BAAB777009F65EC /* Preview Content */ = {
			isa = PBXGroup;
			children = (
				B715F0202BAAB777009F65EC /* Preview Assets.xcassets */,
			);
			path = "Preview Content";
			sourceTree = "<group>";
		};
		B715F02A2BAAB7B9009F65EC /* Resources */ = {
			isa = PBXGroup;
			children = (
				B715F01D2BAAB777009F65EC /* Assets.xcassets */,
				B715F01F2BAAB777009F65EC /* Preview Content */,
				B715F05F2BAAC5A9009F65EC /* Info.plist */,
			);
			path = Resources;
			sourceTree = "<group>";
		};
		B715F02D2BAAB7BA009F65EC /* Model */ = {
			isa = PBXGroup;
			children = (
				B715F02C2BAAB7BA009F65EC /* Weather.swift */,
				B7CCF69C2BAC1DE400F57719 /* Forecast.swift */,
				B7CCF6AD2BAC46EF00F57719 /* DayWeek.swift */,
				B7F764322BAC574C0040D5DC /* DirtyForecast.swift */,
				B7F764382BAEEF220040D5DC /* City.swift */,
			);
			path = Model;
			sourceTree = "<group>";
		};
		B715F02F2BAAB7BA009F65EC /* Web */ = {
			isa = PBXGroup;
			children = (
				B715F02E2BAAB7BA009F65EC /* OpenWeather.swift */,
			);
			path = Web;
			sourceTree = "<group>";
		};
		B715F0302BAAB7BA009F65EC /* Repository */ = {
			isa = PBXGroup;
			children = (
				B7F764422BAF48DE0040D5DC /* Local */,
				B715F02F2BAAB7BA009F65EC /* Web */,
			);
			path = Repository;
			sourceTree = "<group>";
		};
		B715F0362BAAB7BA009F65EC /* Component */ = {
			isa = PBXGroup;
			children = (
				B715F0352BAAB7BA009F65EC /* Cloud.swift */,
				B7CCF69E2BAC34E200F57719 /* ForcastWeatherCell.swift */,
				B7F7643A2BAF2DB20040D5DC /* CitySearch.swift */,
				B7F7643C2BAF3F500040D5DC /* RoundedTopRectangle.swift */,
			);
			path = Component;
			sourceTree = "<group>";
		};
		B715F0392BAAB7BA009F65EC /* View */ = {
			isa = PBXGroup;
			children = (
				B715F0362BAAB7BA009F65EC /* Component */,
				B715F0372BAAB7BA009F65EC /* ForecastTable.swift */,
				B715F0382BAAB7BA009F65EC /* MainView.swift */,
			);
			path = View;
			sourceTree = "<group>";
		};
		B715F03D2BAAB7BA009F65EC /* Utility */ = {
			isa = PBXGroup;
			children = (
				B7F764402BAF472D0040D5DC /* KeyboardHeight.swift */,
				B7F764362BADE4100040D5DC /* Color.swift */,
				B7F764302BAC4DAF0040D5DC /* ForecastFormatter.swift */,
				B715F03B2BAAB7BA009F65EC /* CancelBag.swift */,
				B715F03C2BAAB7BA009F65EC /* Log.swift */,
			);
			path = Utility;
			sourceTree = "<group>";
		};
		B715F03F2BAAB7BA009F65EC /* Response */ = {
			isa = PBXGroup;
			children = (
				B7CCF6822BAB4BD900F57719 /* GetWeatherData200Response.swift */,
				B7CCF6802BAB4BD900F57719 /* GetWeatherData200ResponseClouds.swift */,
				B7CCF6882BAB4BD900F57719 /* GetWeatherData200ResponseCoord.swift */,
				B7CCF67F2BAB4BD900F57719 /* GetWeatherData200ResponseMain.swift */,
				B7CCF6842BAB4BD900F57719 /* GetWeatherData200ResponseSys.swift */,
				B7CCF67E2BAB4BD900F57719 /* GetWeatherData200ResponseWeatherInner.swift */,
				B7CCF6872BAB4BD900F57719 /* GetWeatherData200ResponseWind.swift */,
				B7CCF6832BAB4BD900F57719 /* GetWeatherForecast200Response.swift */,
				B7CCF6812BAB4BD900F57719 /* GetWeatherForecast200ResponseCity.swift */,
				B7CCF6852BAB4BD900F57719 /* GetWeatherForecast200ResponseCityCoord.swift */,
				B7CCF68A2BAB4BD900F57719 /* GetWeatherForecast200ResponseListInner.swift */,
				B7CCF6862BAB4BD900F57719 /* GetWeatherForecast200ResponseListInnerMain.swift */,
				B7CCF68B2BAB4BD900F57719 /* GetWeatherForecast200ResponseListInnerRain.swift */,
				B7CCF68C2BAB4BD900F57719 /* GetWeatherForecast200ResponseListInnerSys.swift */,
				B7CCF6892BAB4BD900F57719 /* GetWeatherForecast200ResponseListInnerWind.swift */,
			);
			path = Response;
			sourceTree = "<group>";
		};
		B715F0412BAAB7BA009F65EC /* DTO */ = {
			isa = PBXGroup;
			children = (
				B715F03F2BAAB7BA009F65EC /* Response */,
				B715F0402BAAB7BA009F65EC /* Mapper.swift */,
			);
			path = DTO;
			sourceTree = "<group>";
		};
		B715F0462BAAB7BA009F65EC /* Network */ = {
			isa = PBXGroup;
			children = (
				B715F0412BAAB7BA009F65EC /* DTO */,
				B715F0422BAAB7BA009F65EC /* APIClient.swift */,
				B715F0432BAAB7BA009F65EC /* APIConstants.swift */,
				B715F0442BAAB7BA009F65EC /* APIParameters.swift */,
				B715F0452BAAB7BA009F65EC /* APIRouter.swift */,
			);
			path = Network;
			sourceTree = "<group>";
		};
		B7CCF6A52BAC466800F57719 /* WeatherVKTests */ = {
			isa = PBXGroup;
			children = (
				B7CCF6A62BAC466800F57719 /* WeatherVKTests.swift */,
			);
			path = WeatherVKTests;
			sourceTree = "<group>";
		};
		B7F764422BAF48DE0040D5DC /* Local */ = {
			isa = PBXGroup;
			children = (
				B7F764432BAF48F30040D5DC /* LocalRepository.swift */,
			);
			path = Local;
			sourceTree = "<group>";
		};
/* End PBXGroup section */

/* Begin PBXNativeTarget section */
		B715F0152BAAB776009F65EC /* WeatherVK */ = {
			isa = PBXNativeTarget;
			buildConfigurationList = B715F0242BAAB777009F65EC /* Build configuration list for PBXNativeTarget "WeatherVK" */;
			buildPhases = (
				B715F0122BAAB776009F65EC /* Sources */,
				B715F0132BAAB776009F65EC /* Frameworks */,
				B715F0142BAAB776009F65EC /* Resources */,
				B715F05E2BAAC47C009F65EC /* ShellScript */,
			);
			buildRules = (
			);
			dependencies = (
			);
			name = WeatherVK;
			productName = WeatherVK;
			productReference = B715F0162BAAB776009F65EC /* WeatherVK.app */;
			productType = "com.apple.product-type.application";
		};
		B7CCF6A32BAC466800F57719 /* WeatherVKTests */ = {
			isa = PBXNativeTarget;
			buildConfigurationList = B7CCF6AA2BAC466800F57719 /* Build configuration list for PBXNativeTarget "WeatherVKTests" */;
			buildPhases = (
				B7CCF6A02BAC466800F57719 /* Sources */,
				B7CCF6A12BAC466800F57719 /* Frameworks */,
				B7CCF6A22BAC466800F57719 /* Resources */,
			);
			buildRules = (
			);
			dependencies = (
				B7CCF6A92BAC466800F57719 /* PBXTargetDependency */,
			);
			name = WeatherVKTests;
			productName = WeatherVKTests;
			productReference = B7CCF6A42BAC466800F57719 /* WeatherVKTests.xctest */;
			productType = "com.apple.product-type.bundle.unit-test";
		};
/* End PBXNativeTarget section */

/* Begin PBXProject section */
		B715F00E2BAAB776009F65EC /* Project object */ = {
			isa = PBXProject;
			attributes = {
				BuildIndependentTargetsInParallel = 1;
				LastSwiftUpdateCheck = 1530;
				LastUpgradeCheck = 1530;
				TargetAttributes = {
					B715F0152BAAB776009F65EC = {
						CreatedOnToolsVersion = 15.3;
						LastSwiftMigration = 1530;
					};
					B7CCF6A32BAC466800F57719 = {
						CreatedOnToolsVersion = 15.3;
						TestTargetID = B715F0152BAAB776009F65EC;
					};
				};
			};
			buildConfigurationList = B715F0112BAAB776009F65EC /* Build configuration list for PBXProject "WeatherVK" */;
			compatibilityVersion = "Xcode 14.0";
			developmentRegion = en;
			hasScannedForEncodings = 0;
			knownRegions = (
				en,
				Base,
			);
			mainGroup = B715F00D2BAAB776009F65EC;
			productRefGroup = B715F0172BAAB776009F65EC /* Products */;
			projectDirPath = "";
			projectRoot = "";
			targets = (
				B715F0152BAAB776009F65EC /* WeatherVK */,
				B7CCF6A32BAC466800F57719 /* WeatherVKTests */,
			);
		};
/* End PBXProject section */

/* Begin PBXResourcesBuildPhase section */
		B715F0142BAAB776009F65EC /* Resources */ = {
			isa = PBXResourcesBuildPhase;
			buildActionMask = 2147483647;
			files = (
				B715F0212BAAB777009F65EC /* Preview Assets.xcassets in Resources */,
				B715F01E2BAAB777009F65EC /* Assets.xcassets in Resources */,
			);
			runOnlyForDeploymentPostprocessing = 0;
		};
		B7CCF6A22BAC466800F57719 /* Resources */ = {
			isa = PBXResourcesBuildPhase;
			buildActionMask = 2147483647;
			files = (
			);
			runOnlyForDeploymentPostprocessing = 0;
		};
/* End PBXResourcesBuildPhase section */

/* Begin PBXShellScriptBuildPhase section */
		B715F05E2BAAC47C009F65EC /* ShellScript */ = {
			isa = PBXShellScriptBuildPhase;
			buildActionMask = 2147483647;
			files = (
			);
			inputFileListPaths = (
			);
			inputPaths = (
			);
			outputFileListPaths = (
			);
			outputPaths = (
			);
			runOnlyForDeploymentPostprocessing = 0;
			shellPath = /bin/sh;
			shellScript = "if [[ \"$(uname -m)\" == arm64 ]]; then\n    export PATH=\"/opt/homebrew/bin:$PATH\"\nfi\n\nif which swiftlint >/dev/null; then\n  swiftlint --strict --config ./.swiftlint.yml\nelse\n  echo \"error: SwiftLint does not exist\"\n  exit 1\nfi\n";
		};
/* End PBXShellScriptBuildPhase section */

/* Begin PBXSourcesBuildPhase section */
		B715F0122BAAB776009F65EC /* Sources */ = {
			isa = PBXSourcesBuildPhase;
			buildActionMask = 2147483647;
			files = (
				B7F764312BAC4DAF0040D5DC /* ForecastFormatter.swift in Sources */,
				B715F04A2BAAB7BA009F65EC /* AppDelegate.swift in Sources */,
				B715F05B2BAAB7BA009F65EC /* APIRouter.swift in Sources */,
				B715F0522BAAB7BA009F65EC /* MainView.swift in Sources */,
				B715F05A2BAAB7BA009F65EC /* APIParameters.swift in Sources */,
				B715F0572BAAB7BA009F65EC /* Mapper.swift in Sources */,
				B7CCF68E2BAB4BD900F57719 /* GetWeatherData200ResponseMain.swift in Sources */,
				B7CCF6952BAB4BD900F57719 /* GetWeatherForecast200ResponseListInnerMain.swift in Sources */,
				B7CCF6902BAB4BD900F57719 /* GetWeatherForecast200ResponseCity.swift in Sources */,
				B7F764412BAF472E0040D5DC /* KeyboardHeight.swift in Sources */,
				B7CCF68D2BAB4BD900F57719 /* GetWeatherData200ResponseWeatherInner.swift in Sources */,
				B7CCF69B2BAB4BD900F57719 /* GetWeatherForecast200ResponseListInnerSys.swift in Sources */,
				B7F764392BAEEF220040D5DC /* City.swift in Sources */,
				B7F764372BADE4100040D5DC /* Color.swift in Sources */,
				B7CCF6962BAB4BD900F57719 /* GetWeatherData200ResponseWind.swift in Sources */,
				B7CCF69F2BAC34E200F57719 /* ForcastWeatherCell.swift in Sources */,
				B715F0552BAAB7BA009F65EC /* Log.swift in Sources */,
				B7CCF6922BAB4BD900F57719 /* GetWeatherForecast200Response.swift in Sources */,
				B7CCF6982BAB4BD900F57719 /* GetWeatherForecast200ResponseListInnerWind.swift in Sources */,
				B7CCF6912BAB4BD900F57719 /* GetWeatherData200Response.swift in Sources */,
				B7CCF6932BAB4BD900F57719 /* GetWeatherData200ResponseSys.swift in Sources */,
				B7CCF69A2BAB4BD900F57719 /* GetWeatherForecast200ResponseListInnerRain.swift in Sources */,
				B715F0592BAAB7BA009F65EC /* APIConstants.swift in Sources */,
				B7CCF68F2BAB4BD900F57719 /* GetWeatherData200ResponseClouds.swift in Sources */,
				B715F04B2BAAB7BA009F65EC /* Weather.swift in Sources */,
				B7F764332BAC574C0040D5DC /* DirtyForecast.swift in Sources */,
				B715F04C2BAAB7BA009F65EC /* OpenWeather.swift in Sources */,
				B7CCF6992BAB4BD900F57719 /* GetWeatherForecast200ResponseListInner.swift in Sources */,
				B715F0502BAAB7BA009F65EC /* Cloud.swift in Sources */,
				B7CCF6AE2BAC46EF00F57719 /* DayWeek.swift in Sources */,
				B7F764442BAF48F30040D5DC /* LocalRepository.swift in Sources */,
				B715F0582BAAB7BA009F65EC /* APIClient.swift in Sources */,
				B715F0512BAAB7BA009F65EC /* ForecastTable.swift in Sources */,
				B715F0472BAAB7BA009F65EC /* AppState.swift in Sources */,
				B715F0542BAAB7BA009F65EC /* CancelBag.swift in Sources */,
				B7CCF6942BAB4BD900F57719 /* GetWeatherForecast200ResponseCityCoord.swift in Sources */,
				B7F7643D2BAF3F500040D5DC /* RoundedTopRectangle.swift in Sources */,
				B7F7643B2BAF2DB20040D5DC /* CitySearch.swift in Sources */,
				B715F04F2BAAB7BA009F65EC /* WeatherReducer.swift in Sources */,
				B7CCF6972BAB4BD900F57719 /* GetWeatherData200ResponseCoord.swift in Sources */,
				B715F05D2BAABEDE009F65EC /* LocationManager.swift in Sources */,
				B7CCF69D2BAC1DE400F57719 /* Forecast.swift in Sources */,
				B715F0532BAAB7BA009F65EC /* Environment.swift in Sources */,
			);
			runOnlyForDeploymentPostprocessing = 0;
		};
		B7CCF6A02BAC466800F57719 /* Sources */ = {
			isa = PBXSourcesBuildPhase;
			buildActionMask = 2147483647;
			files = (
				B7CCF6A72BAC466800F57719 /* WeatherVKTests.swift in Sources */,
			);
			runOnlyForDeploymentPostprocessing = 0;
		};
/* End PBXSourcesBuildPhase section */

/* Begin PBXTargetDependency section */
		B7CCF6A92BAC466800F57719 /* PBXTargetDependency */ = {
			isa = PBXTargetDependency;
			target = B715F0152BAAB776009F65EC /* WeatherVK */;
			targetProxy = B7CCF6A82BAC466800F57719 /* PBXContainerItemProxy */;
		};
/* End PBXTargetDependency section */

/* Begin XCBuildConfiguration section */
		B715F0222BAAB777009F65EC /* Debug */ = {
			isa = XCBuildConfiguration;
			buildSettings = {
				ALWAYS_SEARCH_USER_PATHS = NO;
				ASSETCATALOG_COMPILER_GENERATE_SWIFT_ASSET_SYMBOL_EXTENSIONS = YES;
				CLANG_ANALYZER_NONNULL = YES;
				CLANG_ANALYZER_NUMBER_OBJECT_CONVERSION = YES_AGGRESSIVE;
				CLANG_CXX_LANGUAGE_STANDARD = "gnu++20";
				CLANG_ENABLE_MODULES = YES;
				CLANG_ENABLE_OBJC_ARC = YES;
				CLANG_ENABLE_OBJC_WEAK = YES;
				CLANG_WARN_BLOCK_CAPTURE_AUTORELEASING = YES;
				CLANG_WARN_BOOL_CONVERSION = YES;
				CLANG_WARN_COMMA = YES;
				CLANG_WARN_CONSTANT_CONVERSION = YES;
				CLANG_WARN_DEPRECATED_OBJC_IMPLEMENTATIONS = YES;
				CLANG_WARN_DIRECT_OBJC_ISA_USAGE = YES_ERROR;
				CLANG_WARN_DOCUMENTATION_COMMENTS = YES;
				CLANG_WARN_EMPTY_BODY = YES;
				CLANG_WARN_ENUM_CONVERSION = YES;
				CLANG_WARN_INFINITE_RECURSION = YES;
				CLANG_WARN_INT_CONVERSION = YES;
				CLANG_WARN_NON_LITERAL_NULL_CONVERSION = YES;
				CLANG_WARN_OBJC_IMPLICIT_RETAIN_SELF = YES;
				CLANG_WARN_OBJC_LITERAL_CONVERSION = YES;
				CLANG_WARN_OBJC_ROOT_CLASS = YES_ERROR;
				CLANG_WARN_QUOTED_INCLUDE_IN_FRAMEWORK_HEADER = YES;
				CLANG_WARN_RANGE_LOOP_ANALYSIS = YES;
				CLANG_WARN_STRICT_PROTOTYPES = YES;
				CLANG_WARN_SUSPICIOUS_MOVE = YES;
				CLANG_WARN_UNGUARDED_AVAILABILITY = YES_AGGRESSIVE;
				CLANG_WARN_UNREACHABLE_CODE = YES;
				CLANG_WARN__DUPLICATE_METHOD_MATCH = YES;
				COPY_PHASE_STRIP = NO;
				DEBUG_INFORMATION_FORMAT = dwarf;
				ENABLE_STRICT_OBJC_MSGSEND = YES;
				ENABLE_TESTABILITY = YES;
				ENABLE_USER_SCRIPT_SANDBOXING = NO;
				GCC_C_LANGUAGE_STANDARD = gnu17;
				GCC_DYNAMIC_NO_PIC = NO;
				GCC_NO_COMMON_BLOCKS = YES;
				GCC_OPTIMIZATION_LEVEL = 0;
				GCC_PREPROCESSOR_DEFINITIONS = (
					"DEBUG=1",
					"$(inherited)",
				);
				GCC_WARN_64_TO_32_BIT_CONVERSION = YES;
				GCC_WARN_ABOUT_RETURN_TYPE = YES_ERROR;
				GCC_WARN_UNDECLARED_SELECTOR = YES;
				GCC_WARN_UNINITIALIZED_AUTOS = YES_AGGRESSIVE;
				GCC_WARN_UNUSED_FUNCTION = YES;
				GCC_WARN_UNUSED_VARIABLE = YES;
				IPHONEOS_DEPLOYMENT_TARGET = 16.0;
				LOCALIZATION_PREFERS_STRING_CATALOGS = YES;
				MTL_ENABLE_DEBUG_INFO = INCLUDE_SOURCE;
				MTL_FAST_MATH = YES;
				ONLY_ACTIVE_ARCH = YES;
				SDKROOT = iphoneos;
				SWIFT_ACTIVE_COMPILATION_CONDITIONS = "DEBUG $(inherited)";
				SWIFT_OPTIMIZATION_LEVEL = "-Onone";
			};
			name = Debug;
		};
		B715F0232BAAB777009F65EC /* Release */ = {
			isa = XCBuildConfiguration;
			buildSettings = {
				ALWAYS_SEARCH_USER_PATHS = NO;
				ASSETCATALOG_COMPILER_GENERATE_SWIFT_ASSET_SYMBOL_EXTENSIONS = YES;
				CLANG_ANALYZER_NONNULL = YES;
				CLANG_ANALYZER_NUMBER_OBJECT_CONVERSION = YES_AGGRESSIVE;
				CLANG_CXX_LANGUAGE_STANDARD = "gnu++20";
				CLANG_ENABLE_MODULES = YES;
				CLANG_ENABLE_OBJC_ARC = YES;
				CLANG_ENABLE_OBJC_WEAK = YES;
				CLANG_WARN_BLOCK_CAPTURE_AUTORELEASING = YES;
				CLANG_WARN_BOOL_CONVERSION = YES;
				CLANG_WARN_COMMA = YES;
				CLANG_WARN_CONSTANT_CONVERSION = YES;
				CLANG_WARN_DEPRECATED_OBJC_IMPLEMENTATIONS = YES;
				CLANG_WARN_DIRECT_OBJC_ISA_USAGE = YES_ERROR;
				CLANG_WARN_DOCUMENTATION_COMMENTS = YES;
				CLANG_WARN_EMPTY_BODY = YES;
				CLANG_WARN_ENUM_CONVERSION = YES;
				CLANG_WARN_INFINITE_RECURSION = YES;
				CLANG_WARN_INT_CONVERSION = YES;
				CLANG_WARN_NON_LITERAL_NULL_CONVERSION = YES;
				CLANG_WARN_OBJC_IMPLICIT_RETAIN_SELF = YES;
				CLANG_WARN_OBJC_LITERAL_CONVERSION = YES;
				CLANG_WARN_OBJC_ROOT_CLASS = YES_ERROR;
				CLANG_WARN_QUOTED_INCLUDE_IN_FRAMEWORK_HEADER = YES;
				CLANG_WARN_RANGE_LOOP_ANALYSIS = YES;
				CLANG_WARN_STRICT_PROTOTYPES = YES;
				CLANG_WARN_SUSPICIOUS_MOVE = YES;
				CLANG_WARN_UNGUARDED_AVAILABILITY = YES_AGGRESSIVE;
				CLANG_WARN_UNREACHABLE_CODE = YES;
				CLANG_WARN__DUPLICATE_METHOD_MATCH = YES;
				COPY_PHASE_STRIP = NO;
				DEBUG_INFORMATION_FORMAT = "dwarf-with-dsym";
				ENABLE_NS_ASSERTIONS = NO;
				ENABLE_STRICT_OBJC_MSGSEND = YES;
				ENABLE_USER_SCRIPT_SANDBOXING = NO;
				GCC_C_LANGUAGE_STANDARD = gnu17;
				GCC_NO_COMMON_BLOCKS = YES;
				GCC_WARN_64_TO_32_BIT_CONVERSION = YES;
				GCC_WARN_ABOUT_RETURN_TYPE = YES_ERROR;
				GCC_WARN_UNDECLARED_SELECTOR = YES;
				GCC_WARN_UNINITIALIZED_AUTOS = YES_AGGRESSIVE;
				GCC_WARN_UNUSED_FUNCTION = YES;
				GCC_WARN_UNUSED_VARIABLE = YES;
				IPHONEOS_DEPLOYMENT_TARGET = 16.0;
				LOCALIZATION_PREFERS_STRING_CATALOGS = YES;
				MTL_ENABLE_DEBUG_INFO = NO;
				MTL_FAST_MATH = YES;
				SDKROOT = iphoneos;
				SWIFT_COMPILATION_MODE = wholemodule;
				VALIDATE_PRODUCT = YES;
			};
			name = Release;
		};
		B715F0252BAAB777009F65EC /* Debug */ = {
			isa = XCBuildConfiguration;
			buildSettings = {
				ASSETCATALOG_COMPILER_APPICON_NAME = AppIcon;
				ASSETCATALOG_COMPILER_GLOBAL_ACCENT_COLOR_NAME = AccentColor;
				CLANG_ENABLE_MODULES = YES;
				CODE_SIGN_STYLE = Automatic;
				CURRENT_PROJECT_VERSION = 1;
				DEVELOPMENT_ASSET_PATHS = "\"WeatherVK/Resources/Preview Content\"";
				DEVELOPMENT_TEAM = P47CZ87RVS;
				ENABLE_PREVIEWS = YES;
				GENERATE_INFOPLIST_FILE = YES;
				INFOPLIST_FILE = WeatherVK/Resources/Info.plist;
				INFOPLIST_KEY_NSLocationWhenInUseUsageDescription = "Please allow geoposition :)";
				INFOPLIST_KEY_NSMotionUsageDescription = "";
				INFOPLIST_KEY_UIApplicationSupportsIndirectInputEvents = YES;
				INFOPLIST_KEY_UILaunchScreen_Generation = YES;
				INFOPLIST_KEY_UIStatusBarStyle = UIStatusBarStyleLightContent;
				INFOPLIST_KEY_UISupportedInterfaceOrientations = UIInterfaceOrientationPortrait;
				INFOPLIST_KEY_UISupportedInterfaceOrientations_iPad = "UIInterfaceOrientationLandscapeLeft UIInterfaceOrientationLandscapeRight UIInterfaceOrientationPortrait UIInterfaceOrientationPortraitUpsideDown";
				LD_RUNPATH_SEARCH_PATHS = (
					"$(inherited)",
					"@executable_path/Frameworks",
				);
				MARKETING_VERSION = 1.0;
				PRODUCT_BUNDLE_IDENTIFIER = ubahwin.WeatherVK;
				PRODUCT_NAME = "$(TARGET_NAME)";
				SWIFT_EMIT_LOC_STRINGS = YES;
				SWIFT_OPTIMIZATION_LEVEL = "-Onone";
				SWIFT_VERSION = 5.0;
				TARGETED_DEVICE_FAMILY = "1,2";
			};
			name = Debug;
		};
		B715F0262BAAB777009F65EC /* Release */ = {
			isa = XCBuildConfiguration;
			buildSettings = {
				ASSETCATALOG_COMPILER_APPICON_NAME = AppIcon;
				ASSETCATALOG_COMPILER_GLOBAL_ACCENT_COLOR_NAME = AccentColor;
				CLANG_ENABLE_MODULES = YES;
				CODE_SIGN_STYLE = Automatic;
				CURRENT_PROJECT_VERSION = 1;
				DEVELOPMENT_ASSET_PATHS = "\"WeatherVK/Resources/Preview Content\"";
				DEVELOPMENT_TEAM = P47CZ87RVS;
				ENABLE_PREVIEWS = YES;
				GENERATE_INFOPLIST_FILE = YES;
				INFOPLIST_FILE = WeatherVK/Resources/Info.plist;
				INFOPLIST_KEY_NSLocationWhenInUseUsageDescription = "Please allow geoposition :)";
				INFOPLIST_KEY_NSMotionUsageDescription = "";
				INFOPLIST_KEY_UIApplicationSupportsIndirectInputEvents = YES;
				INFOPLIST_KEY_UILaunchScreen_Generation = YES;
				INFOPLIST_KEY_UIStatusBarStyle = UIStatusBarStyleLightContent;
				INFOPLIST_KEY_UISupportedInterfaceOrientations = UIInterfaceOrientationPortrait;
				INFOPLIST_KEY_UISupportedInterfaceOrientations_iPad = "UIInterfaceOrientationLandscapeLeft UIInterfaceOrientationLandscapeRight UIInterfaceOrientationPortrait UIInterfaceOrientationPortraitUpsideDown";
				LD_RUNPATH_SEARCH_PATHS = (
					"$(inherited)",
					"@executable_path/Frameworks",
				);
				MARKETING_VERSION = 1.0;
				PRODUCT_BUNDLE_IDENTIFIER = ubahwin.WeatherVK;
				PRODUCT_NAME = "$(TARGET_NAME)";
				SWIFT_EMIT_LOC_STRINGS = YES;
				SWIFT_VERSION = 5.0;
				TARGETED_DEVICE_FAMILY = "1,2";
			};
			name = Release;
		};
		B7CCF6AB2BAC466800F57719 /* Debug */ = {
			isa = XCBuildConfiguration;
			buildSettings = {
				BUNDLE_LOADER = "$(TEST_HOST)";
				CODE_SIGN_STYLE = Automatic;
				CURRENT_PROJECT_VERSION = 1;
				DEVELOPMENT_TEAM = P47CZ87RVS;
				ENABLE_USER_SCRIPT_SANDBOXING = YES;
				GENERATE_INFOPLIST_FILE = YES;
				IPHONEOS_DEPLOYMENT_TARGET = 16.0;
				MARKETING_VERSION = 1.0;
				PRODUCT_BUNDLE_IDENTIFIER = ubahwin.WeatherVKTests;
				PRODUCT_NAME = "$(TARGET_NAME)";
				SWIFT_EMIT_LOC_STRINGS = NO;
				SWIFT_VERSION = 5.0;
				TARGETED_DEVICE_FAMILY = "1,2";
				TEST_HOST = "$(BUILT_PRODUCTS_DIR)/WeatherVK.app/$(BUNDLE_EXECUTABLE_FOLDER_PATH)/WeatherVK";
			};
			name = Debug;
		};
		B7CCF6AC2BAC466800F57719 /* Release */ = {
			isa = XCBuildConfiguration;
			buildSettings = {
				BUNDLE_LOADER = "$(TEST_HOST)";
				CODE_SIGN_STYLE = Automatic;
				CURRENT_PROJECT_VERSION = 1;
				DEVELOPMENT_TEAM = P47CZ87RVS;
				ENABLE_USER_SCRIPT_SANDBOXING = YES;
				GENERATE_INFOPLIST_FILE = YES;
				IPHONEOS_DEPLOYMENT_TARGET = 16.0;
				MARKETING_VERSION = 1.0;
				PRODUCT_BUNDLE_IDENTIFIER = ubahwin.WeatherVKTests;
				PRODUCT_NAME = "$(TARGET_NAME)";
				SWIFT_EMIT_LOC_STRINGS = NO;
				SWIFT_VERSION = 5.0;
				TARGETED_DEVICE_FAMILY = "1,2";
				TEST_HOST = "$(BUILT_PRODUCTS_DIR)/WeatherVK.app/$(BUNDLE_EXECUTABLE_FOLDER_PATH)/WeatherVK";
			};
			name = Release;
		};
/* End XCBuildConfiguration section */

/* Begin XCConfigurationList section */
		B715F0112BAAB776009F65EC /* Build configuration list for PBXProject "WeatherVK" */ = {
			isa = XCConfigurationList;
			buildConfigurations = (
				B715F0222BAAB777009F65EC /* Debug */,
				B715F0232BAAB777009F65EC /* Release */,
			);
			defaultConfigurationIsVisible = 0;
			defaultConfigurationName = Release;
		};
		B715F0242BAAB777009F65EC /* Build configuration list for PBXNativeTarget "WeatherVK" */ = {
			isa = XCConfigurationList;
			buildConfigurations = (
				B715F0252BAAB777009F65EC /* Debug */,
				B715F0262BAAB777009F65EC /* Release */,
			);
			defaultConfigurationIsVisible = 0;
			defaultConfigurationName = Release;
		};
		B7CCF6AA2BAC466800F57719 /* Build configuration list for PBXNativeTarget "WeatherVKTests" */ = {
			isa = XCConfigurationList;
			buildConfigurations = (
				B7CCF6AB2BAC466800F57719 /* Debug */,
				B7CCF6AC2BAC466800F57719 /* Release */,
			);
			defaultConfigurationIsVisible = 0;
			defaultConfigurationName = Release;
		};
/* End XCConfigurationList section */
	};
	rootObject = B715F00E2BAAB776009F65EC /* Project object */;
}
